// !$*UTF8*$!
{
	archiveVersion = 1;
	classes = {
	};
	objectVersion = 50;
	objects = {

/* Begin PBXBuildFile section */
		D729E4C9223C75F700B85005 /* AppDelegate.swift in Sources */ = {isa = PBXBuildFile; fileRef = D729E4C8223C75F700B85005 /* AppDelegate.swift */; };
		D729E4CB223C75F700B85005 /* ViewController.swift in Sources */ = {isa = PBXBuildFile; fileRef = D729E4CA223C75F700B85005 /* ViewController.swift */; };
		D729E4CE223C75F700B85005 /* Main.storyboard in Resources */ = {isa = PBXBuildFile; fileRef = D729E4CC223C75F700B85005 /* Main.storyboard */; };
		D729E4D1223C75F700B85005 /* cinemaSchedule.xcdatamodeld in Sources */ = {isa = PBXBuildFile; fileRef = D729E4CF223C75F700B85005 /* cinemaSchedule.xcdatamodeld */; };
		D729E4D3223C75F800B85005 /* Assets.xcassets in Resources */ = {isa = PBXBuildFile; fileRef = D729E4D2223C75F800B85005 /* Assets.xcassets */; };
		D729E4D6223C75F800B85005 /* LaunchScreen.storyboard in Resources */ = {isa = PBXBuildFile; fileRef = D729E4D4223C75F800B85005 /* LaunchScreen.storyboard */; };
		D77598722246E98C004021D3 /* MovieViewController.swift in Sources */ = {isa = PBXBuildFile; fileRef = D77598712246E98C004021D3 /* MovieViewController.swift */; };
		D77598782246EB3F004021D3 /* OsVingadores2.jpg in Resources */ = {isa = PBXBuildFile; fileRef = D77598772246EB3F004021D3 /* OsVingadores2.jpg */; };
		D77598802246F844004021D3 /* MovieCollectionViewCell.swift in Sources */ = {isa = PBXBuildFile; fileRef = D775987F2246F844004021D3 /* MovieCollectionViewCell.swift */; };
		D77598822246F9F1004021D3 /* CinemaViewController.swift in Sources */ = {isa = PBXBuildFile; fileRef = D77598812246F9F1004021D3 /* CinemaViewController.swift */; };
		D77598842246FF5C004021D3 /* CinemaCollectionViewCell.swift in Sources */ = {isa = PBXBuildFile; fileRef = D77598832246FF5C004021D3 /* CinemaCollectionViewCell.swift */; };
/* End PBXBuildFile section */

/* Begin PBXFileReference section */
		D729E4C5223C75F700B85005 /* cinemaSchedule.app */ = {isa = PBXFileReference; explicitFileType = wrapper.application; includeInIndex = 0; path = cinemaSchedule.app; sourceTree = BUILT_PRODUCTS_DIR; };
		D729E4C8223C75F700B85005 /* AppDelegate.swift */ = {isa = PBXFileReference; lastKnownFileType = sourcecode.swift; path = AppDelegate.swift; sourceTree = "<group>"; };
		D729E4CA223C75F700B85005 /* ViewController.swift */ = {isa = PBXFileReference; lastKnownFileType = sourcecode.swift; path = ViewController.swift; sourceTree = "<group>"; };
		D729E4CD223C75F700B85005 /* Base */ = {isa = PBXFileReference; lastKnownFileType = file.storyboard; name = Base; path = Base.lproj/Main.storyboard; sourceTree = "<group>"; };
		D729E4D0223C75F700B85005 /* cinemaSchedule.xcdatamodel */ = {isa = PBXFileReference; lastKnownFileType = wrapper.xcdatamodel; path = cinemaSchedule.xcdatamodel; sourceTree = "<group>"; };
		D729E4D2223C75F800B85005 /* Assets.xcassets */ = {isa = PBXFileReference; lastKnownFileType = folder.assetcatalog; path = Assets.xcassets; sourceTree = "<group>"; };
		D729E4D5223C75F800B85005 /* Base */ = {isa = PBXFileReference; lastKnownFileType = file.storyboard; name = Base; path = Base.lproj/LaunchScreen.storyboard; sourceTree = "<group>"; };
		D729E4D7223C75F800B85005 /* Info.plist */ = {isa = PBXFileReference; lastKnownFileType = text.plist.xml; path = Info.plist; sourceTree = "<group>"; };
		D77598712246E98C004021D3 /* MovieViewController.swift */ = {isa = PBXFileReference; lastKnownFileType = sourcecode.swift; path = MovieViewController.swift; sourceTree = "<group>"; };
		D77598772246EB3F004021D3 /* OsVingadores2.jpg */ = {isa = PBXFileReference; lastKnownFileType = image.jpeg; path = OsVingadores2.jpg; sourceTree = "<group>"; };
		D775987F2246F844004021D3 /* MovieCollectionViewCell.swift */ = {isa = PBXFileReference; lastKnownFileType = sourcecode.swift; path = MovieCollectionViewCell.swift; sourceTree = "<group>"; };
		D77598812246F9F1004021D3 /* CinemaViewController.swift */ = {isa = PBXFileReference; lastKnownFileType = sourcecode.swift; path = CinemaViewController.swift; sourceTree = "<group>"; };
		D77598832246FF5C004021D3 /* CinemaCollectionViewCell.swift */ = {isa = PBXFileReference; lastKnownFileType = sourcecode.swift; path = CinemaCollectionViewCell.swift; sourceTree = "<group>"; };
/* End PBXFileReference section */

/* Begin PBXFrameworksBuildPhase section */
		D729E4C2223C75F700B85005 /* Frameworks */ = {
			isa = PBXFrameworksBuildPhase;
			buildActionMask = 2147483647;
			files = (
			);
			runOnlyForDeploymentPostprocessing = 0;
		};
/* End PBXFrameworksBuildPhase section */

/* Begin PBXGroup section */
		D729E4BC223C75F700B85005 = {
			isa = PBXGroup;
			children = (
				D729E4C7223C75F700B85005 /* cinemaSchedule */,
				D729E4C6223C75F700B85005 /* Products */,
			);
			sourceTree = "<group>";
		};
		D729E4C6223C75F700B85005 /* Products */ = {
			isa = PBXGroup;
			children = (
				D729E4C5223C75F700B85005 /* cinemaSchedule.app */,
			);
			name = Products;
			sourceTree = "<group>";
		};
		D729E4C7223C75F700B85005 /* cinemaSchedule */ = {
			isa = PBXGroup;
			children = (
				D729E4E02240508E00B85005 /* View */,
				D729E4DF2240504D00B85005 /* Controller */,
				D729E4DE2240504100B85005 /* Model */,
				D729E4DD2240502B00B85005 /* ModelView */,
				D729E4D7223C75F800B85005 /* Info.plist */,
			);
			path = cinemaSchedule;
			sourceTree = "<group>";
		};
		D729E4DD2240502B00B85005 /* ModelView */ = {
			isa = PBXGroup;
			children = (
			);
			path = ModelView;
			sourceTree = "<group>";
		};
		D729E4DE2240504100B85005 /* Model */ = {
			isa = PBXGroup;
			children = (
				D729E4CF223C75F700B85005 /* cinemaSchedule.xcdatamodeld */,
			);
			path = Model;
			sourceTree = "<group>";
		};
		D729E4DF2240504D00B85005 /* Controller */ = {
			isa = PBXGroup;
			children = (
				D77598812246F9F1004021D3 /* CinemaViewController.swift */,
				D77598712246E98C004021D3 /* MovieViewController.swift */,
				D729E4CA223C75F700B85005 /* ViewController.swift */,
				D729E4C8223C75F700B85005 /* AppDelegate.swift */,
			);
			path = Controller;
			sourceTree = "<group>";
		};
		D729E4E02240508E00B85005 /* View */ = {
			isa = PBXGroup;
			children = (
				D77598832246FF5C004021D3 /* CinemaCollectionViewCell.swift */,
				D775987F2246F844004021D3 /* MovieCollectionViewCell.swift */,
				D77598752246EB26004021D3 /* assets */,
				D729E4CC223C75F700B85005 /* Main.storyboard */,
				D729E4D2223C75F800B85005 /* Assets.xcassets */,
				D729E4D4223C75F800B85005 /* LaunchScreen.storyboard */,
			);
			path = View;
			sourceTree = "<group>";
		};
		D77598752246EB26004021D3 /* assets */ = {
			isa = PBXGroup;
			children = (
				D77598762246EB2E004021D3 /* images */,
			);
			path = assets;
			sourceTree = "<group>";
		};
		D77598762246EB2E004021D3 /* images */ = {
			isa = PBXGroup;
			children = (
				D77598772246EB3F004021D3 /* OsVingadores2.jpg */,
			);
			path = images;
			sourceTree = "<group>";
		};
/* End PBXGroup section */

/* Begin PBXNativeTarget section */
		D729E4C4223C75F700B85005 /* cinemaSchedule */ = {
			isa = PBXNativeTarget;
			buildConfigurationList = D729E4DA223C75F800B85005 /* Build configuration list for PBXNativeTarget "cinemaSchedule" */;
			buildPhases = (
				D729E4C1223C75F700B85005 /* Sources */,
				D729E4C2223C75F700B85005 /* Frameworks */,
				D729E4C3223C75F700B85005 /* Resources */,
			);
			buildRules = (
			);
			dependencies = (
			);
			name = cinemaSchedule;
			productName = cinemaSchedule;
			productReference = D729E4C5223C75F700B85005 /* cinemaSchedule.app */;
			productType = "com.apple.product-type.application";
		};
/* End PBXNativeTarget section */

/* Begin PBXProject section */
		D729E4BD223C75F700B85005 /* Project object */ = {
			isa = PBXProject;
			attributes = {
				LastSwiftUpdateCheck = 1010;
				LastUpgradeCheck = 1010;
				ORGANIZATIONNAME = Arbigaus;
				TargetAttributes = {
					D729E4C4223C75F700B85005 = {
						CreatedOnToolsVersion = 10.1;
					};
				};
			};
			buildConfigurationList = D729E4C0223C75F700B85005 /* Build configuration list for PBXProject "cinemaSchedule" */;
			compatibilityVersion = "Xcode 9.3";
			developmentRegion = en;
			hasScannedForEncodings = 0;
			knownRegions = (
				en,
				Base,
			);
			mainGroup = D729E4BC223C75F700B85005;
			productRefGroup = D729E4C6223C75F700B85005 /* Products */;
			projectDirPath = "";
			projectRoot = "";
			targets = (
				D729E4C4223C75F700B85005 /* cinemaSchedule */,
			);
		};
/* End PBXProject section */

/* Begin PBXResourcesBuildPhase section */
		D729E4C3223C75F700B85005 /* Resources */ = {
			isa = PBXResourcesBuildPhase;
			buildActionMask = 2147483647;
			files = (
				D729E4D6223C75F800B85005 /* LaunchScreen.storyboard in Resources */,
				D729E4D3223C75F800B85005 /* Assets.xcassets in Resources */,
				D77598782246EB3F004021D3 /* OsVingadores2.jpg in Resources */,
				D729E4CE223C75F700B85005 /* Main.storyboard in Resources */,
			);
			runOnlyForDeploymentPostprocessing = 0;
		};
/* End PBXResourcesBuildPhase section */

/* Begin PBXSourcesBuildPhase section */
		D729E4C1223C75F700B85005 /* Sources */ = {
			isa = PBXSourcesBuildPhase;
			buildActionMask = 2147483647;
			files = (
				D729E4D1223C75F700B85005 /* cinemaSchedule.xcdatamodeld in Sources */,
				D729E4CB223C75F700B85005 /* ViewController.swift in Sources */,
				D77598802246F844004021D3 /* MovieCollectionViewCell.swift in Sources */,
				D729E4C9223C75F700B85005 /* AppDelegate.swift in Sources */,
				D77598722246E98C004021D3 /* MovieViewController.swift in Sources */,
				D77598842246FF5C004021D3 /* CinemaCollectionViewCell.swift in Sources */,
				D77598822246F9F1004021D3 /* CinemaViewController.swift in Sources */,
			);
			runOnlyForDeploymentPostprocessing = 0;
		};
/* End PBXSourcesBuildPhase section */

/* Begin PBXVariantGroup section */
		D729E4CC223C75F700B85005 /* Main.storyboard */ = {
			isa = PBXVariantGroup;
			children = (
				D729E4CD223C75F700B85005 /* Base */,
			);
			name = Main.storyboard;
			sourceTree = "<group>";
		};
		D729E4D4223C75F800B85005 /* LaunchScreen.storyboard */ = {
			isa = PBXVariantGroup;
			children = (
				D729E4D5223C75F800B85005 /* Base */,
			);
			name = LaunchScreen.storyboard;
			sourceTree = "<group>";
		};
/* End PBXVariantGroup section */

/* Begin XCBuildConfiguration section */
		D729E4D8223C75F800B85005 /* Debug */ = {
			isa = XCBuildConfiguration;
			buildSettings = {
				ALWAYS_SEARCH_USER_PATHS = NO;
				CLANG_ANALYZER_NONNULL = YES;
				CLANG_ANALYZER_NUMBER_OBJECT_CONVERSION = YES_AGGRESSIVE;
				CLANG_CXX_LANGUAGE_STANDARD = "gnu++14";
				CLANG_CXX_LIBRARY = "libc++";
				CLANG_ENABLE_MODULES = YES;
				CLANG_ENABLE_OBJC_ARC = YES;
				CLANG_ENABLE_OBJC_WEAK = YES;
				CLANG_WARN_BLOCK_CAPTURE_AUTORELEASING = YES;
				CLANG_WARN_BOOL_CONVERSION = YES;
				CLANG_WARN_COMMA = YES;
				CLANG_WARN_CONSTANT_CONVERSION = YES;
				CLANG_WARN_DEPRECATED_OBJC_IMPLEMENTATIONS = YES;
				CLANG_WARN_DIRECT_OBJC_ISA_USAGE = YES_ERROR;
				CLANG_WARN_DOCUMENTATION_COMMENTS = YES;
				CLANG_WARN_EMPTY_BODY = YES;
				CLANG_WARN_ENUM_CONVERSION = YES;
				CLANG_WARN_INFINITE_RECURSION = YES;
				CLANG_WARN_INT_CONVERSION = YES;
				CLANG_WARN_NON_LITERAL_NULL_CONVERSION = YES;
				CLANG_WARN_OBJC_IMPLICIT_RETAIN_SELF = YES;
				CLANG_WARN_OBJC_LITERAL_CONVERSION = YES;
				CLANG_WARN_OBJC_ROOT_CLASS = YES_ERROR;
				CLANG_WARN_RANGE_LOOP_ANALYSIS = YES;
				CLANG_WARN_STRICT_PROTOTYPES = YES;
				CLANG_WARN_SUSPICIOUS_MOVE = YES;
				CLANG_WARN_UNGUARDED_AVAILABILITY = YES_AGGRESSIVE;
				CLANG_WARN_UNREACHABLE_CODE = YES;
				CLANG_WARN__DUPLICATE_METHOD_MATCH = YES;
				CODE_SIGN_IDENTITY = "iPhone Developer";
				COPY_PHASE_STRIP = NO;
				DEBUG_INFORMATION_FORMAT = dwarf;
				ENABLE_STRICT_OBJC_MSGSEND = YES;
				ENABLE_TESTABILITY = YES;
				GCC_C_LANGUAGE_STANDARD = gnu11;
				GCC_DYNAMIC_NO_PIC = NO;
				GCC_NO_COMMON_BLOCKS = YES;
				GCC_OPTIMIZATION_LEVEL = 0;
				GCC_PREPROCESSOR_DEFINITIONS = (
					"DEBUG=1",
					"$(inherited)",
				);
				GCC_WARN_64_TO_32_BIT_CONVERSION = YES;
				GCC_WARN_ABOUT_RETURN_TYPE = YES_ERROR;
				GCC_WARN_UNDECLARED_SELECTOR = YES;
				GCC_WARN_UNINITIALIZED_AUTOS = YES_AGGRESSIVE;
				GCC_WARN_UNUSED_FUNCTION = YES;
				GCC_WARN_UNUSED_VARIABLE = YES;
				IPHONEOS_DEPLOYMENT_TARGET = 12.1;
				MTL_ENABLE_DEBUG_INFO = INCLUDE_SOURCE;
				MTL_FAST_MATH = YES;
				ONLY_ACTIVE_ARCH = YES;
				SDKROOT = iphoneos;
				SWIFT_ACTIVE_COMPILATION_CONDITIONS = DEBUG;
				SWIFT_OPTIMIZATION_LEVEL = "-Onone";
			};
			name = Debug;
		};
		D729E4D9223C75F800B85005 /* Release */ = {
			isa = XCBuildConfiguration;
			buildSettings = {
				ALWAYS_SEARCH_USER_PATHS = NO;
				CLANG_ANALYZER_NONNULL = YES;
				CLANG_ANALYZER_NUMBER_OBJECT_CONVERSION = YES_AGGRESSIVE;
				CLANG_CXX_LANGUAGE_STANDARD = "gnu++14";
				CLANG_CXX_LIBRARY = "libc++";
				CLANG_ENABLE_MODULES = YES;
				CLANG_ENABLE_OBJC_ARC = YES;
				CLANG_ENABLE_OBJC_WEAK = YES;
				CLANG_WARN_BLOCK_CAPTURE_AUTORELEASING = YES;
				CLANG_WARN_BOOL_CONVERSION = YES;
				CLANG_WARN_COMMA = YES;
				CLANG_WARN_CONSTANT_CONVERSION = YES;
				CLANG_WARN_DEPRECATED_OBJC_IMPLEMENTATIONS = YES;
				CLANG_WARN_DIRECT_OBJC_ISA_USAGE = YES_ERROR;
				CLANG_WARN_DOCUMENTATION_COMMENTS = YES;
				CLANG_WARN_EMPTY_BODY = YES;
				CLANG_WARN_ENUM_CONVERSION = YES;
				CLANG_WARN_INFINITE_RECURSION = YES;
				CLANG_WARN_INT_CONVERSION = YES;
				CLANG_WARN_NON_LITERAL_NULL_CONVERSION = YES;
				CLANG_WARN_OBJC_IMPLICIT_RETAIN_SELF = YES;
				CLANG_WARN_OBJC_LITERAL_CONVERSION = YES;
				CLANG_WARN_OBJC_ROOT_CLASS = YES_ERROR;
				CLANG_WARN_RANGE_LOOP_ANALYSIS = YES;
				CLANG_WARN_STRICT_PROTOTYPES = YES;
				CLANG_WARN_SUSPICIOUS_MOVE = YES;
				CLANG_WARN_UNGUARDED_AVAILABILITY = YES_AGGRESSIVE;
				CLANG_WARN_UNREACHABLE_CODE = YES;
				CLANG_WARN__DUPLICATE_METHOD_MATCH = YES;
				CODE_SIGN_IDENTITY = "iPhone Developer";
				COPY_PHASE_STRIP = NO;
				DEBUG_INFORMATION_FORMAT = "dwarf-with-dsym";
				ENABLE_NS_ASSERTIONS = NO;
				ENABLE_STRICT_OBJC_MSGSEND = YES;
				GCC_C_LANGUAGE_STANDARD = gnu11;
				GCC_NO_COMMON_BLOCKS = YES;
				GCC_WARN_64_TO_32_BIT_CONVERSION = YES;
				GCC_WARN_ABOUT_RETURN_TYPE = YES_ERROR;
				GCC_WARN_UNDECLARED_SELECTOR = YES;
				GCC_WARN_UNINITIALIZED_AUTOS = YES_AGGRESSIVE;
				GCC_WARN_UNUSED_FUNCTION = YES;
				GCC_WARN_UNUSED_VARIABLE = YES;
				IPHONEOS_DEPLOYMENT_TARGET = 12.1;
				MTL_ENABLE_DEBUG_INFO = NO;
				MTL_FAST_MATH = YES;
				SDKROOT = iphoneos;
				SWIFT_COMPILATION_MODE = wholemodule;
				SWIFT_OPTIMIZATION_LEVEL = "-O";
				VALIDATE_PRODUCT = YES;
			};
			name = Release;
		};
		D729E4DB223C75F800B85005 /* Debug */ = {
			isa = XCBuildConfiguration;
			buildSettings = {
				ASSETCATALOG_COMPILER_APPICON_NAME = AppIcon;
				CODE_SIGN_STYLE = Automatic;
				DEVELOPMENT_TEAM = 3DAQ868NGN;
				INFOPLIST_FILE = cinemaSchedule/Info.plist;
				LD_RUNPATH_SEARCH_PATHS = (
					"$(inherited)",
					"@executable_path/Frameworks",
				);
				PRODUCT_BUNDLE_IDENTIFIER = br.com.arbigaus.cinemaSchedule;
				PRODUCT_NAME = "$(TARGET_NAME)";
				SWIFT_VERSION = 4.2;
				TARGETED_DEVICE_FAMILY = "1,2";
			};
			name = Debug;
		};
		D729E4DC223C75F800B85005 /* Release */ = {
			isa = XCBuildConfiguration;
			buildSettings = {
				ASSETCATALOG_COMPILER_APPICON_NAME = AppIcon;
				CODE_SIGN_STYLE = Automatic;
				DEVELOPMENT_TEAM = 3DAQ868NGN;
				INFOPLIST_FILE = cinemaSchedule/Info.plist;
				LD_RUNPATH_SEARCH_PATHS = (
					"$(inherited)",
					"@executable_path/Frameworks",
				);
				PRODUCT_BUNDLE_IDENTIFIER = br.com.arbigaus.cinemaSchedule;
				PRODUCT_NAME = "$(TARGET_NAME)";
				SWIFT_VERSION = 4.2;
				TARGETED_DEVICE_FAMILY = "1,2";
			};
			name = Release;
		};
/* End XCBuildConfiguration section */

/* Begin XCConfigurationList section */
		D729E4C0223C75F700B85005 /* Build configuration list for PBXProject "cinemaSchedule" */ = {
			isa = XCConfigurationList;
			buildConfigurations = (
				D729E4D8223C75F800B85005 /* Debug */,
				D729E4D9223C75F800B85005 /* Release */,
			);
			defaultConfigurationIsVisible = 0;
			defaultConfigurationName = Release;
		};
		D729E4DA223C75F800B85005 /* Build configuration list for PBXNativeTarget "cinemaSchedule" */ = {
			isa = XCConfigurationList;
			buildConfigurations = (
				D729E4DB223C75F800B85005 /* Debug */,
				D729E4DC223C75F800B85005 /* Release */,
			);
			defaultConfigurationIsVisible = 0;
			defaultConfigurationName = Release;
		};
/* End XCConfigurationList section */

/* Begin XCVersionGroup section */
		D729E4CF223C75F700B85005 /* cinemaSchedule.xcdatamodeld */ = {
			isa = XCVersionGroup;
			children = (
				D729E4D0223C75F700B85005 /* cinemaSchedule.xcdatamodel */,
			);
			currentVersion = D729E4D0223C75F700B85005 /* cinemaSchedule.xcdatamodel */;
			path = cinemaSchedule.xcdatamodeld;
			sourceTree = "<group>";
			versionGroupType = wrapper.xcdatamodel;
		};
/* End XCVersionGroup section */
	};
	rootObject = D729E4BD223C75F700B85005 /* Project object */;
}
